{
  "name": "goeasy",
  "version": "2.13.17",
  "lockfileVersion": 3,
  "requires": true,
  "packages": {
    "": {
      "name": "goeasy",
      "version": "2.13.17",
      "dependencies": {
        "goeasy": "file:"
      }
    },
    "node_modules/goeasy": {
      "resolved": "",
      "link": true
    }
  }
}
